
Microsoft Visual Studio Solution File, Format Version 12.00
# Visual Studio Version 17
VisualStudioVersion = 17.14.36603.0
MinimumVisualStudioVersion = 10.0.40219.1
Project("{FAE04EC0-301F-11D3-BF4B-00C04F79EFBC}") = "Frontend", "Frontend\Frontend.csproj", "{78D0E36B-674F-4AD7-B3CD-D82CCF84D285}"
EndProject
Project("{FAE04EC0-301F-11D3-BF4B-00C04F79EFBC}") = "Backend", "Backend\Backend.csproj", "{6505C620-6007-4F40-AD48-D6B69DCBDF42}"
EndProject
Project("{E53339B2-1760-4266-BCC7-CA923CBCF16C}") = "docker-compose", "docker-compose.dcproj", "{81DDED9D-158B-E303-5F62-77A2896D2A5A}"
EndProject
Global
	GlobalSection(SolutionConfigurationPlatforms) = preSolution
		Debug|Any CPU = Debug|Any CPU
		Release|Any CPU = Release|Any CPU
	EndGlobalSection
	GlobalSection(ProjectConfigurationPlatforms) = postSolution
		{78D0E36B-674F-4AD7-B3CD-D82CCF84D285}.Debug|Any CPU.ActiveCfg = Debug|Any CPU
		{78D0E36B-674F-4AD7-B3CD-D82CCF84D285}.Debug|Any CPU.Build.0 = Debug|Any CPU
		{78D0E36B-674F-4AD7-B3CD-D82CCF84D285}.Release|Any CPU.ActiveCfg = Release|Any CPU
		{78D0E36B-674F-4AD7-B3CD-D82CCF84D285}.Release|Any CPU.Build.0 = Release|Any CPU
		{6505C620-6007-4F40-AD48-D6B69DCBDF42}.Debug|Any CPU.ActiveCfg = Debug|Any CPU
		{6505C620-6007-4F40-AD48-D6B69DCBDF42}.Debug|Any CPU.Build.0 = Debug|Any CPU
		{6505C620-6007-4F40-AD48-D6B69DCBDF42}.Release|Any CPU.ActiveCfg = Release|Any CPU
		{6505C620-6007-4F40-AD48-D6B69DCBDF42}.Release|Any CPU.Build.0 = Release|Any CPU
		{81DDED9D-158B-E303-5F62-77A2896D2A5A}.Debug|Any CPU.ActiveCfg = Debug|Any CPU
		{81DDED9D-158B-E303-5F62-77A2896D2A5A}.Debug|Any CPU.Build.0 = Debug|Any CPU
		{81DDED9D-158B-E303-5F62-77A2896D2A5A}.Release|Any CPU.ActiveCfg = Release|Any CPU
		{81DDED9D-158B-E303-5F62-77A2896D2A5A}.Release|Any CPU.Build.0 = Release|Any CPU
	EndGlobalSection
	GlobalSection(SolutionProperties) = preSolution
		HideSolutionNode = FALSE
	EndGlobalSection
	GlobalSection(ExtensibilityGlobals) = postSolution
		SolutionGuid = {F28896C9-7374-4CF0-A118-0013D8F07710}
	EndGlobalSection
EndGlobal
